
Microsoft Visual Studio Solution File, Format Version 12.00
# Visual Studio 14
VisualStudioVersion = 14.0.25420.1
MinimumVisualStudioVersion = 10.0.40219.1
Project("{FAE04EC0-301F-11D3-BF4B-00C04F79EFBC}") = "WebApplication1", "WebApplication1\WebApplication1.csproj", "{47E930D6-52F7-4155-9495-B72082778F35}"
EndProject
Project("{FAE04EC0-301F-11D3-BF4B-00C04F79EFBC}") = "WebApplication1.Tests", "WebApplication1.Tests\WebApplication1.Tests.csproj", "{E9509137-456F-4503-85CD-15A14C3AE859}"
EndProject
Global
	GlobalSection(SolutionConfigurationPlatforms) = preSolution
		Debug|Any CPU = Debug|Any CPU
		Release|Any CPU = Release|Any CPU
	EndGlobalSection
	GlobalSection(ProjectConfigurationPlatforms) = postSolution
		{47E930D6-52F7-4155-9495-B72082778F35}.Debug|Any CPU.ActiveCfg = Debug|Any CPU
		{47E930D6-52F7-4155-9495-B72082778F35}.Debug|Any CPU.Build.0 = Debug|Any CPU
		{47E930D6-52F7-4155-9495-B72082778F35}.Release|Any CPU.ActiveCfg = Release|Any CPU
		{47E930D6-52F7-4155-9495-B72082778F35}.Release|Any CPU.Build.0 = Release|Any CPU
		{E9509137-456F-4503-85CD-15A14C3AE859}.Debug|Any CPU.ActiveCfg = Debug|Any CPU
		{E9509137-456F-4503-85CD-15A14C3AE859}.Debug|Any CPU.Build.0 = Debug|Any CPU
		{E9509137-456F-4503-85CD-15A14C3AE859}.Release|Any CPU.ActiveCfg = Release|Any CPU
		{E9509137-456F-4503-85CD-15A14C3AE859}.Release|Any CPU.Build.0 = Release|Any CPU
	EndGlobalSection
	GlobalSection(SolutionProperties) = preSolution
		HideSolutionNode = FALSE
	EndGlobalSection
EndGlobal
